
Microsoft Visual Studio Solution File, Format Version 12.00
# Visual Studio Version 17
VisualStudioVersion = 17.9.34902.65
MinimumVisualStudioVersion = 10.0.40219.1
Project("{2150E333-8FDC-42A3-9474-1A3956D46DE8}") = "Framework", "Framework", "{BA1444FB-3B0F-431B-B6C9-0ECCB8DE5F7D}"
EndProject
Project("{9A19103F-16F7-4668-BE54-9A1E7A4F7556}") = "MonoGame.Framework.Android", "MonoGame.Framework\MonoGame.Framework.Android.csproj", "{53C2C545-63CB-4CB1-8EC9-BEC512907478}"
EndProject
Project("{9A19103F-16F7-4668-BE54-9A1E7A4F7556}") = "MonoGame.Framework.ConsoleCheck", "MonoGame.Framework\MonoGame.Framework.ConsoleCheck.csproj", "{D16B8C2A-372D-4C8A-A5FB-729D1D96C649}"
EndProject
Project("{9A19103F-16F7-4668-BE54-9A1E7A4F7556}") = "MonoGame.Framework.DesktopGL", "MonoGame.Framework\MonoGame.Framework.DesktopGL.csproj", "{5D0F5E4B-CF93-45B7-B67E-5E91ADEEA624}"
EndProject
Project("{9A19103F-16F7-4668-BE54-9A1E7A4F7556}") = "MonoGame.Framework.iOS", "MonoGame.Framework\MonoGame.Framework.iOS.csproj", "{90EFC095-A70D-428A-8648-7FA069F34548}"
EndProject
Project("{9A19103F-16F7-4668-BE54-9A1E7A4F7556}") = "MonoGame.Framework.Native", "MonoGame.Framework\MonoGame.Framework.Native.csproj", "{7B5EFEBD-49CC-4762-8ED2-3366D8FEA040}"
EndProject
Project("{9A19103F-16F7-4668-BE54-9A1E7A4F7556}") = "MonoGame.Framework.WindowsDX", "MonoGame.Framework\MonoGame.Framework.WindowsDX.csproj", "{59B3AB57-5EA2-40F1-AE90-50D7A64D3A63}"
EndProject
Project("{9A19103F-16F7-4668-BE54-9A1E7A4F7556}") = "MonoGame.Framework.WindowsUniversal", "MonoGame.Framework\MonoGame.Framework.WindowsUniversal.csproj", "{F7F2BC45-66D5-4F5A-91A1-A355A2D236C9}"
EndProject
Project("{2150E333-8FDC-42A3-9474-1A3956D46DE8}") = "UnitTest", "UnitTest", "{939240B6-077E-4EE9-A568-237A2E3F1C88}"
EndProject
Project("{9A19103F-16F7-4668-BE54-9A1E7A4F7556}") = "MonoGame.Tests.DesktopGL", "Tests\MonoGame.Tests.DesktopGL.csproj", "{360F1BBC-C6D3-422A-A7FB-FAAB789463A5}"
EndProject
Project("{9A19103F-16F7-4668-BE54-9A1E7A4F7556}") = "MonoGame.Tests.WindowsDX", "Tests\MonoGame.Tests.WindowsDX.csproj", "{FF18717A-1CCE-4A39-A668-076510C1DF37}"
EndProject
Project("{FAE04EC0-301F-11D3-BF4B-00C04F79EFBC}") = "MonoGame.Tests.XNA", "Tests\MonoGame.Tests.XNA.csproj", "{7134181E-E02F-482F-9250-343ABC60E861}"
EndProject
Project("{9A19103F-16F7-4668-BE54-9A1E7A4F7556}") = "MonoGame.Framework.Content.Pipeline", "MonoGame.Framework.Content.Pipeline\MonoGame.Framework.Content.Pipeline.csproj", "{034B4E10-E9D9-4A5E-A26E-22CBDC6AB1DF}"
EndProject
Project("{9A19103F-16F7-4668-BE54-9A1E7A4F7556}") = "Build", "build\Build.csproj", "{4800B20B-2D5B-4BD4-AB03-4B5B959C84EA}"
EndProject
Project("{9A19103F-16F7-4668-BE54-9A1E7A4F7556}") = "Test.DesktopGL", "Test.DesktopGL\Test.DesktopGL.csproj", "{3A74D6EC-0546-4254-B3DF-218C8E32B04F}"
EndProject
Project("{9A19103F-16F7-4668-BE54-9A1E7A4F7556}") = "MonoGame.Content.Builder.Task", "Tools\MonoGame.Content.Builder.Task\MonoGame.Content.Builder.Task.csproj", "{2B6BD3F6-EF0D-4CCC-98E4-B2A8EB3B315A}"
EndProject
Project("{2150E333-8FDC-42A3-9474-1A3956D46DE8}") = "Tools", "Tools", "{12DA025D-D9AC-4B53-A509-110B81CCDFBD}"
EndProject
Project("{9A19103F-16F7-4668-BE54-9A1E7A4F7556}") = "MonoGame.Content.Builder", "Tools\MonoGame.Content.Builder\MonoGame.Content.Builder.csproj", "{C731B2E9-1B68-40CB-AC92-E94E6FE08B45}"
EndProject
Project("{9A19103F-16F7-4668-BE54-9A1E7A4F7556}") = "MonoGame.Effect.Compiler", "Tools\MonoGame.Effect.Compiler\MonoGame.Effect.Compiler.csproj", "{EF20D15C-19EE-45C2-B481-D5E678E4BA8A}"
EndProject
Project("{9A19103F-16F7-4668-BE54-9A1E7A4F7556}") = "MonoGame.Tools.Tests", "Tools\MonoGame.Tools.Tests\MonoGame.Tools.Tests.csproj", "{EE772F05-830D-4914-B473-A6B4D0968EF6}"
EndProject
Project("{2150E333-8FDC-42A3-9474-1A3956D46DE8}") = "Solution Items", "Solution Items", "{8F856B18-81A6-4EFF-9590-702D5214AC7C}"
	ProjectSection(SolutionItems) = preProject
		.editorconfig = .editorconfig
	EndProjectSection
EndProject
Global
	GlobalSection(SolutionConfigurationPlatforms) = preSolution
		Debug|Any CPU = Debug|Any CPU
		Debug-CLI|Any CPU = Debug-CLI|Any CPU
		Release|Any CPU = Release|Any CPU
	EndGlobalSection
	GlobalSection(ProjectConfigurationPlatforms) = postSolution
		{53C2C545-63CB-4CB1-8EC9-BEC512907478}.Debug|Any CPU.ActiveCfg = Debug|Any CPU
		{53C2C545-63CB-4CB1-8EC9-BEC512907478}.Debug|Any CPU.Build.0 = Debug|Any CPU
		{53C2C545-63CB-4CB1-8EC9-BEC512907478}.Debug-CLI|Any CPU.ActiveCfg = Debug|Any CPU
		{53C2C545-63CB-4CB1-8EC9-BEC512907478}.Debug-CLI|Any CPU.Build.0 = Debug|Any CPU
		{53C2C545-63CB-4CB1-8EC9-BEC512907478}.Release|Any CPU.ActiveCfg = Release|Any CPU
		{53C2C545-63CB-4CB1-8EC9-BEC512907478}.Release|Any CPU.Build.0 = Release|Any CPU
		{D16B8C2A-372D-4C8A-A5FB-729D1D96C649}.Debug|Any CPU.ActiveCfg = Debug|Any CPU
		{D16B8C2A-372D-4C8A-A5FB-729D1D96C649}.Debug|Any CPU.Build.0 = Debug|Any CPU
		{D16B8C2A-372D-4C8A-A5FB-729D1D96C649}.Debug-CLI|Any CPU.ActiveCfg = Debug|Any CPU
		{D16B8C2A-372D-4C8A-A5FB-729D1D96C649}.Debug-CLI|Any CPU.Build.0 = Debug|Any CPU
		{D16B8C2A-372D-4C8A-A5FB-729D1D96C649}.Release|Any CPU.ActiveCfg = Release|Any CPU
		{D16B8C2A-372D-4C8A-A5FB-729D1D96C649}.Release|Any CPU.Build.0 = Release|Any CPU
		{5D0F5E4B-CF93-45B7-B67E-5E91ADEEA624}.Debug|Any CPU.ActiveCfg = Debug|Any CPU
		{5D0F5E4B-CF93-45B7-B67E-5E91ADEEA624}.Debug|Any CPU.Build.0 = Debug|Any CPU
		{5D0F5E4B-CF93-45B7-B67E-5E91ADEEA624}.Debug-CLI|Any CPU.ActiveCfg = Debug|Any CPU
		{5D0F5E4B-CF93-45B7-B67E-5E91ADEEA624}.Debug-CLI|Any CPU.Build.0 = Debug|Any CPU
		{5D0F5E4B-CF93-45B7-B67E-5E91ADEEA624}.Release|Any CPU.ActiveCfg = Release|Any CPU
		{5D0F5E4B-CF93-45B7-B67E-5E91ADEEA624}.Release|Any CPU.Build.0 = Release|Any CPU
		{90EFC095-A70D-428A-8648-7FA069F34548}.Debug|Any CPU.ActiveCfg = Debug|Any CPU
		{90EFC095-A70D-428A-8648-7FA069F34548}.Debug|Any CPU.Build.0 = Debug|Any CPU
		{90EFC095-A70D-428A-8648-7FA069F34548}.Debug-CLI|Any CPU.ActiveCfg = Debug|Any CPU
		{90EFC095-A70D-428A-8648-7FA069F34548}.Debug-CLI|Any CPU.Build.0 = Debug|Any CPU
		{90EFC095-A70D-428A-8648-7FA069F34548}.Release|Any CPU.ActiveCfg = Release|Any CPU
		{90EFC095-A70D-428A-8648-7FA069F34548}.Release|Any CPU.Build.0 = Release|Any CPU
		{7B5EFEBD-49CC-4762-8ED2-3366D8FEA040}.Debug|Any CPU.ActiveCfg = Debug|Any CPU
		{7B5EFEBD-49CC-4762-8ED2-3366D8FEA040}.Debug|Any CPU.Build.0 = Debug|Any CPU
		{7B5EFEBD-49CC-4762-8ED2-3366D8FEA040}.Debug-CLI|Any CPU.ActiveCfg = Debug|Any CPU
		{7B5EFEBD-49CC-4762-8ED2-3366D8FEA040}.Debug-CLI|Any CPU.Build.0 = Debug|Any CPU
		{7B5EFEBD-49CC-4762-8ED2-3366D8FEA040}.Release|Any CPU.ActiveCfg = Release|Any CPU
		{7B5EFEBD-49CC-4762-8ED2-3366D8FEA040}.Release|Any CPU.Build.0 = Release|Any CPU
		{59B3AB57-5EA2-40F1-AE90-50D7A64D3A63}.Debug|Any CPU.ActiveCfg = Debug|Any CPU
		{59B3AB57-5EA2-40F1-AE90-50D7A64D3A63}.Debug|Any CPU.Build.0 = Debug|Any CPU
		{59B3AB57-5EA2-40F1-AE90-50D7A64D3A63}.Debug-CLI|Any CPU.ActiveCfg = Debug|Any CPU
		{59B3AB57-5EA2-40F1-AE90-50D7A64D3A63}.Debug-CLI|Any CPU.Build.0 = Debug|Any CPU
		{59B3AB57-5EA2-40F1-AE90-50D7A64D3A63}.Release|Any CPU.ActiveCfg = Release|Any CPU
		{59B3AB57-5EA2-40F1-AE90-50D7A64D3A63}.Release|Any CPU.Build.0 = Release|Any CPU
		{F7F2BC45-66D5-4F5A-91A1-A355A2D236C9}.Debug|Any CPU.ActiveCfg = Debug|Any CPU
		{F7F2BC45-66D5-4F5A-91A1-A355A2D236C9}.Debug|Any CPU.Build.0 = Debug|Any CPU
		{F7F2BC45-66D5-4F5A-91A1-A355A2D236C9}.Debug-CLI|Any CPU.ActiveCfg = Debug|Any CPU
		{F7F2BC45-66D5-4F5A-91A1-A355A2D236C9}.Debug-CLI|Any CPU.Build.0 = Debug|Any CPU
		{F7F2BC45-66D5-4F5A-91A1-A355A2D236C9}.Release|Any CPU.ActiveCfg = Release|Any CPU
		{F7F2BC45-66D5-4F5A-91A1-A355A2D236C9}.Release|Any CPU.Build.0 = Release|Any CPU
		{360F1BBC-C6D3-422A-A7FB-FAAB789463A5}.Debug|Any CPU.ActiveCfg = Debug|Any CPU
		{360F1BBC-C6D3-422A-A7FB-FAAB789463A5}.Debug|Any CPU.Build.0 = Debug|Any CPU
		{360F1BBC-C6D3-422A-A7FB-FAAB789463A5}.Debug-CLI|Any CPU.ActiveCfg = Debug|Any CPU
		{360F1BBC-C6D3-422A-A7FB-FAAB789463A5}.Debug-CLI|Any CPU.Build.0 = Debug|Any CPU
		{360F1BBC-C6D3-422A-A7FB-FAAB789463A5}.Release|Any CPU.ActiveCfg = Release|Any CPU
		{360F1BBC-C6D3-422A-A7FB-FAAB789463A5}.Release|Any CPU.Build.0 = Release|Any CPU
		{FF18717A-1CCE-4A39-A668-076510C1DF37}.Debug|Any CPU.ActiveCfg = Debug|Any CPU
		{FF18717A-1CCE-4A39-A668-076510C1DF37}.Debug|Any CPU.Build.0 = Debug|Any CPU
		{FF18717A-1CCE-4A39-A668-076510C1DF37}.Debug-CLI|Any CPU.ActiveCfg = Debug|Any CPU
		{FF18717A-1CCE-4A39-A668-076510C1DF37}.Debug-CLI|Any CPU.Build.0 = Debug|Any CPU
		{FF18717A-1CCE-4A39-A668-076510C1DF37}.Release|Any CPU.ActiveCfg = Release|Any CPU
		{FF18717A-1CCE-4A39-A668-076510C1DF37}.Release|Any CPU.Build.0 = Release|Any CPU
		{7134181E-E02F-482F-9250-343ABC60E861}.Debug|Any CPU.ActiveCfg = Debug|Any CPU
		{7134181E-E02F-482F-9250-343ABC60E861}.Debug|Any CPU.Build.0 = Debug|Any CPU
		{7134181E-E02F-482F-9250-343ABC60E861}.Debug-CLI|Any CPU.ActiveCfg = Debug-CLI|Any CPU
		{7134181E-E02F-482F-9250-343ABC60E861}.Debug-CLI|Any CPU.Build.0 = Debug-CLI|Any CPU
		{7134181E-E02F-482F-9250-343ABC60E861}.Release|Any CPU.ActiveCfg = Release|Any CPU
		{7134181E-E02F-482F-9250-343ABC60E861}.Release|Any CPU.Build.0 = Release|Any CPU
		{034B4E10-E9D9-4A5E-A26E-22CBDC6AB1DF}.Debug|Any CPU.ActiveCfg = Debug|Any CPU
		{034B4E10-E9D9-4A5E-A26E-22CBDC6AB1DF}.Debug|Any CPU.Build.0 = Debug|Any CPU
		{034B4E10-E9D9-4A5E-A26E-22CBDC6AB1DF}.Debug-CLI|Any CPU.ActiveCfg = Debug|Any CPU
		{034B4E10-E9D9-4A5E-A26E-22CBDC6AB1DF}.Debug-CLI|Any CPU.Build.0 = Debug|Any CPU
		{034B4E10-E9D9-4A5E-A26E-22CBDC6AB1DF}.Release|Any CPU.ActiveCfg = Release|Any CPU
		{034B4E10-E9D9-4A5E-A26E-22CBDC6AB1DF}.Release|Any CPU.Build.0 = Release|Any CPU
		{4800B20B-2D5B-4BD4-AB03-4B5B959C84EA}.Debug|Any CPU.ActiveCfg = Debug|Any CPU
		{4800B20B-2D5B-4BD4-AB03-4B5B959C84EA}.Debug|Any CPU.Build.0 = Debug|Any CPU
		{4800B20B-2D5B-4BD4-AB03-4B5B959C84EA}.Debug-CLI|Any CPU.ActiveCfg = Debug|Any CPU
		{4800B20B-2D5B-4BD4-AB03-4B5B959C84EA}.Debug-CLI|Any CPU.Build.0 = Debug|Any CPU
		{4800B20B-2D5B-4BD4-AB03-4B5B959C84EA}.Release|Any CPU.ActiveCfg = Release|Any CPU
		{4800B20B-2D5B-4BD4-AB03-4B5B959C84EA}.Release|Any CPU.Build.0 = Release|Any CPU
		{3A74D6EC-0546-4254-B3DF-218C8E32B04F}.Debug|Any CPU.ActiveCfg = Debug|Any CPU
		{3A74D6EC-0546-4254-B3DF-218C8E32B04F}.Debug|Any CPU.Build.0 = Debug|Any CPU
		{3A74D6EC-0546-4254-B3DF-218C8E32B04F}.Debug-CLI|Any CPU.ActiveCfg = Debug|Any CPU
		{3A74D6EC-0546-4254-B3DF-218C8E32B04F}.Debug-CLI|Any CPU.Build.0 = Debug|Any CPU
		{3A74D6EC-0546-4254-B3DF-218C8E32B04F}.Release|Any CPU.ActiveCfg = Release|Any CPU
		{3A74D6EC-0546-4254-B3DF-218C8E32B04F}.Release|Any CPU.Build.0 = Release|Any CPU
		{2B6BD3F6-EF0D-4CCC-98E4-B2A8EB3B315A}.Debug|Any CPU.ActiveCfg = Debug|Any CPU
		{2B6BD3F6-EF0D-4CCC-98E4-B2A8EB3B315A}.Debug|Any CPU.Build.0 = Debug|Any CPU
		{2B6BD3F6-EF0D-4CCC-98E4-B2A8EB3B315A}.Debug-CLI|Any CPU.ActiveCfg = Debug|Any CPU
		{2B6BD3F6-EF0D-4CCC-98E4-B2A8EB3B315A}.Debug-CLI|Any CPU.Build.0 = Debug|Any CPU
		{2B6BD3F6-EF0D-4CCC-98E4-B2A8EB3B315A}.Release|Any CPU.ActiveCfg = Release|Any CPU
		{2B6BD3F6-EF0D-4CCC-98E4-B2A8EB3B315A}.Release|Any CPU.Build.0 = Release|Any CPU
		{C731B2E9-1B68-40CB-AC92-E94E6FE08B45}.Debug|Any CPU.ActiveCfg = Debug|Any CPU
		{C731B2E9-1B68-40CB-AC92-E94E6FE08B45}.Debug|Any CPU.Build.0 = Debug|Any CPU
		{C731B2E9-1B68-40CB-AC92-E94E6FE08B45}.Debug-CLI|Any CPU.ActiveCfg = Debug|Any CPU
		{C731B2E9-1B68-40CB-AC92-E94E6FE08B45}.Debug-CLI|Any CPU.Build.0 = Debug|Any CPU
		{C731B2E9-1B68-40CB-AC92-E94E6FE08B45}.Release|Any CPU.ActiveCfg = Release|Any CPU
		{C731B2E9-1B68-40CB-AC92-E94E6FE08B45}.Release|Any CPU.Build.0 = Release|Any CPU
		{EF20D15C-19EE-45C2-B481-D5E678E4BA8A}.Debug|Any CPU.ActiveCfg = Debug|Any CPU
		{EF20D15C-19EE-45C2-B481-D5E678E4BA8A}.Debug|Any CPU.Build.0 = Debug|Any CPU
		{EF20D15C-19EE-45C2-B481-D5E678E4BA8A}.Debug-CLI|Any CPU.ActiveCfg = Debug|Any CPU
		{EF20D15C-19EE-45C2-B481-D5E678E4BA8A}.Debug-CLI|Any CPU.Build.0 = Debug|Any CPU
		{EF20D15C-19EE-45C2-B481-D5E678E4BA8A}.Release|Any CPU.ActiveCfg = Release|Any CPU
		{EF20D15C-19EE-45C2-B481-D5E678E4BA8A}.Release|Any CPU.Build.0 = Release|Any CPU
		{EE772F05-830D-4914-B473-A6B4D0968EF6}.Debug|Any CPU.ActiveCfg = Debug|Any CPU
		{EE772F05-830D-4914-B473-A6B4D0968EF6}.Debug|Any CPU.Build.0 = Debug|Any CPU
		{EE772F05-830D-4914-B473-A6B4D0968EF6}.Debug-CLI|Any CPU.ActiveCfg = Debug|Any CPU
		{EE772F05-830D-4914-B473-A6B4D0968EF6}.Debug-CLI|Any CPU.Build.0 = Debug|Any CPU
		{EE772F05-830D-4914-B473-A6B4D0968EF6}.Release|Any CPU.ActiveCfg = Release|Any CPU
		{EE772F05-830D-4914-B473-A6B4D0968EF6}.Release|Any CPU.Build.0 = Release|Any CPU
	EndGlobalSection
	GlobalSection(SolutionProperties) = preSolution
		HideSolutionNode = FALSE
	EndGlobalSection
	GlobalSection(NestedProjects) = preSolution
		{53C2C545-63CB-4CB1-8EC9-BEC512907478} = {BA1444FB-3B0F-431B-B6C9-0ECCB8DE5F7D}
		{D16B8C2A-372D-4C8A-A5FB-729D1D96C649} = {BA1444FB-3B0F-431B-B6C9-0ECCB8DE5F7D}
		{5D0F5E4B-CF93-45B7-B67E-5E91ADEEA624} = {BA1444FB-3B0F-431B-B6C9-0ECCB8DE5F7D}
		{90EFC095-A70D-428A-8648-7FA069F34548} = {BA1444FB-3B0F-431B-B6C9-0ECCB8DE5F7D}
		{7B5EFEBD-49CC-4762-8ED2-3366D8FEA040} = {BA1444FB-3B0F-431B-B6C9-0ECCB8DE5F7D}
		{59B3AB57-5EA2-40F1-AE90-50D7A64D3A63} = {BA1444FB-3B0F-431B-B6C9-0ECCB8DE5F7D}
		{F7F2BC45-66D5-4F5A-91A1-A355A2D236C9} = {BA1444FB-3B0F-431B-B6C9-0ECCB8DE5F7D}
		{360F1BBC-C6D3-422A-A7FB-FAAB789463A5} = {939240B6-077E-4EE9-A568-237A2E3F1C88}
		{FF18717A-1CCE-4A39-A668-076510C1DF37} = {939240B6-077E-4EE9-A568-237A2E3F1C88}
		{7134181E-E02F-482F-9250-343ABC60E861} = {939240B6-077E-4EE9-A568-237A2E3F1C88}
		{2B6BD3F6-EF0D-4CCC-98E4-B2A8EB3B315A} = {12DA025D-D9AC-4B53-A509-110B81CCDFBD}
		{C731B2E9-1B68-40CB-AC92-E94E6FE08B45} = {12DA025D-D9AC-4B53-A509-110B81CCDFBD}
		{EF20D15C-19EE-45C2-B481-D5E678E4BA8A} = {12DA025D-D9AC-4B53-A509-110B81CCDFBD}
		{EE772F05-830D-4914-B473-A6B4D0968EF6} = {12DA025D-D9AC-4B53-A509-110B81CCDFBD}
	EndGlobalSection
	GlobalSection(ExtensibilityGlobals) = postSolution
		SolutionGuid = {E1A020E3-5E31-4F04-B467-AFBC1EAEC073}
	EndGlobalSection
EndGlobal
